
Microsoft Visual Studio Solution File, Format Version 12.00
# Visual Studio 15
VisualStudioVersion = 15.0.26430.13
MinimumVisualStudioVersion = 10.0.40219.1
Project("{FAE04EC0-301F-11D3-BF4B-00C04F79EFBC}") = "MenuLog.Web", "MenuLog.Web\MenuLog.Web.csproj", "{617F1D0A-E7ED-4013-AE62-CF284C5FAAFB}"
EndProject
Project("{FAE04EC0-301F-11D3-BF4B-00C04F79EFBC}") = "MenuLog.Core", "MenuLog.Core\MenuLog.Core.csproj", "{76FFFFD2-3ECD-49F6-A36B-C146623264C1}"
EndProject
Global
	GlobalSection(SolutionConfigurationPlatforms) = preSolution
		Debug|Any CPU = Debug|Any CPU
		Release|Any CPU = Release|Any CPU
	EndGlobalSection
	GlobalSection(ProjectConfigurationPlatforms) = postSolution
		{617F1D0A-E7ED-4013-AE62-CF284C5FAAFB}.Debug|Any CPU.ActiveCfg = Debug|Any CPU
		{617F1D0A-E7ED-4013-AE62-CF284C5FAAFB}.Debug|Any CPU.Build.0 = Debug|Any CPU
		{617F1D0A-E7ED-4013-AE62-CF284C5FAAFB}.Release|Any CPU.ActiveCfg = Release|Any CPU
		{617F1D0A-E7ED-4013-AE62-CF284C5FAAFB}.Release|Any CPU.Build.0 = Release|Any CPU
		{76FFFFD2-3ECD-49F6-A36B-C146623264C1}.Debug|Any CPU.ActiveCfg = Debug|Any CPU
		{76FFFFD2-3ECD-49F6-A36B-C146623264C1}.Debug|Any CPU.Build.0 = Debug|Any CPU
		{76FFFFD2-3ECD-49F6-A36B-C146623264C1}.Release|Any CPU.ActiveCfg = Release|Any CPU
		{76FFFFD2-3ECD-49F6-A36B-C146623264C1}.Release|Any CPU.Build.0 = Release|Any CPU
	EndGlobalSection
	GlobalSection(SolutionProperties) = preSolution
		HideSolutionNode = FALSE
	EndGlobalSection
EndGlobal
